
Microsoft Visual Studio Solution File, Format Version 12.00
# Visual Studio 2012
Project("{FAE04EC0-301F-11D3-BF4B-00C04F79EFBC}") = "Secret_Files", "Secret_Files\Secret_Files.csproj", "{775C8A88-DF5B-4599-BF6F-40455F8CA880}"
EndProject
Project("{FAE04EC0-301F-11D3-BF4B-00C04F79EFBC}") = "Secret_Files.Droid", "Droid\Secret_Files.Droid.csproj", "{D3C5AAB0-D907-48DC-B7BC-9B2D72E7AA8A}"
EndProject
Project("{FAE04EC0-301F-11D3-BF4B-00C04F79EFBC}") = "Secret_Files.UITests", "UITests\Secret_Files.UITests.csproj", "{E0E1878B-269B-41F1-A884-BE536680D491}"
EndProject
Global
	GlobalSection(SolutionConfigurationPlatforms) = preSolution
		Debug|Any CPU = Debug|Any CPU
		Release|Any CPU = Release|Any CPU
	EndGlobalSection
	GlobalSection(ProjectConfigurationPlatforms) = postSolution
		{775C8A88-DF5B-4599-BF6F-40455F8CA880}.Debug|Any CPU.ActiveCfg = Debug|Any CPU
		{775C8A88-DF5B-4599-BF6F-40455F8CA880}.Debug|Any CPU.Build.0 = Debug|Any CPU
		{775C8A88-DF5B-4599-BF6F-40455F8CA880}.Release|Any CPU.ActiveCfg = Release|Any CPU
		{775C8A88-DF5B-4599-BF6F-40455F8CA880}.Release|Any CPU.Build.0 = Release|Any CPU
		{D3C5AAB0-D907-48DC-B7BC-9B2D72E7AA8A}.Debug|Any CPU.ActiveCfg = Debug|Any CPU
		{D3C5AAB0-D907-48DC-B7BC-9B2D72E7AA8A}.Debug|Any CPU.Build.0 = Debug|Any CPU
		{D3C5AAB0-D907-48DC-B7BC-9B2D72E7AA8A}.Release|Any CPU.ActiveCfg = Release|Any CPU
		{D3C5AAB0-D907-48DC-B7BC-9B2D72E7AA8A}.Release|Any CPU.Build.0 = Release|Any CPU
		{E0E1878B-269B-41F1-A884-BE536680D491}.Debug|Any CPU.ActiveCfg = Debug|Any CPU
		{E0E1878B-269B-41F1-A884-BE536680D491}.Debug|Any CPU.Build.0 = Debug|Any CPU
		{E0E1878B-269B-41F1-A884-BE536680D491}.Release|Any CPU.ActiveCfg = Release|Any CPU
		{E0E1878B-269B-41F1-A884-BE536680D491}.Release|Any CPU.Build.0 = Release|Any CPU
	EndGlobalSection
EndGlobal
